# Direct dependencies from pyproject.toml (resolution unavailable in CI)
pywin32
uiautomation
mss
pillow
sqlalchemy
pydantic
pyyaml
loguru
pandas
fastapi
uvicorn
strawberry-graphql[fastapi]
openai
jinja2
json-repair
ddgs
pypdf
openpyxl
chromadb
qdrant-client
volcengine
uuid_utils
imagehash
pypdfium2>=4.30.0
python-docx>=1.0.0
python-multipart
playwright
